
Microsoft Visual Studio Solution File, Format Version 12.00
# Visual Studio Version 17
VisualStudioVersion = 17.10.35004.147
MinimumVisualStudioVersion = 10.0.40219.1
Project("{FAE04EC0-301F-11D3-BF4B-00C04F79EFBC}") = "Avalonia.CpuLimiter", "Avalonia.CpuLimiter\Avalonia.CpuLimiter.csproj", "{D38F6493-43DC-4600-99A3-F8A9DA8474F7}"
EndProject
Project("{FAE04EC0-301F-11D3-BF4B-00C04F79EFBC}") = "Avalonia.CpuLimitertTest", "Avalonia.CpuLimitertTest\Avalonia.CpuLimitertTest.csproj", "{1C057D32-A048-4D47-874B-474E60F6CFC4}"
EndProject
Project("{FAE04EC0-301F-11D3-BF4B-00C04F79EFBC}") = "TestDemo", "TestDemo\TestDemo.csproj", "{09CAA7AF-C50B-4ED8-9351-FC7620588247}"
EndProject
Global
	GlobalSection(SolutionConfigurationPlatforms) = preSolution
		Debug|Any CPU = Debug|Any CPU
		Release|Any CPU = Release|Any CPU
	EndGlobalSection
	GlobalSection(ProjectConfigurationPlatforms) = postSolution
		{D38F6493-43DC-4600-99A3-F8A9DA8474F7}.Debug|Any CPU.ActiveCfg = Debug|Any CPU
		{D38F6493-43DC-4600-99A3-F8A9DA8474F7}.Debug|Any CPU.Build.0 = Debug|Any CPU
		{D38F6493-43DC-4600-99A3-F8A9DA8474F7}.Release|Any CPU.ActiveCfg = Release|Any CPU
		{D38F6493-43DC-4600-99A3-F8A9DA8474F7}.Release|Any CPU.Build.0 = Release|Any CPU
		{1C057D32-A048-4D47-874B-474E60F6CFC4}.Debug|Any CPU.ActiveCfg = Debug|Any CPU
		{1C057D32-A048-4D47-874B-474E60F6CFC4}.Debug|Any CPU.Build.0 = Debug|Any CPU
		{1C057D32-A048-4D47-874B-474E60F6CFC4}.Release|Any CPU.ActiveCfg = Release|Any CPU
		{1C057D32-A048-4D47-874B-474E60F6CFC4}.Release|Any CPU.Build.0 = Release|Any CPU
		{09CAA7AF-C50B-4ED8-9351-FC7620588247}.Debug|Any CPU.ActiveCfg = Debug|Any CPU
		{09CAA7AF-C50B-4ED8-9351-FC7620588247}.Debug|Any CPU.Build.0 = Debug|Any CPU
		{09CAA7AF-C50B-4ED8-9351-FC7620588247}.Release|Any CPU.ActiveCfg = Release|Any CPU
		{09CAA7AF-C50B-4ED8-9351-FC7620588247}.Release|Any CPU.Build.0 = Release|Any CPU
	EndGlobalSection
	GlobalSection(SolutionProperties) = preSolution
		HideSolutionNode = FALSE
	EndGlobalSection
	GlobalSection(ExtensibilityGlobals) = postSolution
		SolutionGuid = {321F7365-7A4A-43BD-8CAF-960A293AE947}
	EndGlobalSection
EndGlobal
